PODS:
  - FBSnapshotTestCase (2.1.4):
    - FBSnapshotTestCase/SwiftSupport (= 2.1.4)
  - FBSnapshotTestCase/Core (2.1.4)
  - FBSnapshotTestCase/SwiftSupport (2.1.4):
    - FBSnapshotTestCase/Core
  - ZCMenuControl (0.1.1)

DEPENDENCIES:
  - FBSnapshotTestCase
  - ZCMenuControl

SPEC REPOS:
  https://github.com/CocoaPods/Specs.git:
    - ZCMenuControl
  trunk:
    - FBSnapshotTestCase

SPEC CHECKSUMS:
  FBSnapshotTestCase: 094f9f314decbabe373b87cc339bea235a63e07a
  ZCMenuControl: 2a2cc6f6256eb02bdc7ea22a9a79fd638c10f758

PODFILE CHECKSUM: c5e60e7e393276b29ff997095020a47c2f9a26df

COCOAPODS: 1.11.3
